
Microsoft Visual Studio Solution File, Format Version 11.00
# Visual Studio 2010
Project("{FAE04EC0-301F-11D3-BF4B-00C04F79EFBC}") = "GnojEd.Engine", "GnojEd.Engine\GnojEd.Engine.csproj", "{767F8D5A-9953-4B7F-A146-F5D616699FB6}"
EndProject
Project("{E24C65DC-7377-472B-9ABA-BC803B73C61A}") = "GnojEd.Site", "GnojEd.Site\", "{A62D37CD-CC47-416D-A457-DC07AAF60FFF}"
	ProjectSection(WebsiteProperties) = preProject
		TargetFrameworkMoniker = ".NETFramework,Version%3Dv4.0"
		ProjectReferences = "{767F8D5A-9953-4B7F-A146-F5D616699FB6}|GnojEd.Engine.dll;"
		Debug.AspNetCompiler.VirtualPath = "/GnojEd.Site"
		Debug.AspNetCompiler.PhysicalPath = "GnojEd.Site\"
		Debug.AspNetCompiler.TargetPath = "PrecompiledWeb\GnojEd.Site\"
		Debug.AspNetCompiler.Updateable = "true"
		Debug.AspNetCompiler.ForceOverwrite = "true"
		Debug.AspNetCompiler.FixedNames = "false"
		Debug.AspNetCompiler.Debug = "True"
		Release.AspNetCompiler.VirtualPath = "/GnojEd.Site"
		Release.AspNetCompiler.PhysicalPath = "GnojEd.Site\"
		Release.AspNetCompiler.TargetPath = "PrecompiledWeb\GnojEd.Site\"
		Release.AspNetCompiler.Updateable = "true"
		Release.AspNetCompiler.ForceOverwrite = "true"
		Release.AspNetCompiler.FixedNames = "false"
		Release.AspNetCompiler.Debug = "False"
		VWDPort = "54536"
		VWDVirtualPath = "/"
		DefaultWebSiteLanguage = "Visual C#"
	EndProjectSection
	ProjectSection(ProjectDependencies) = postProject
		{F29A51F6-CE00-4CDF-B7DB-9E1243F3432D} = {F29A51F6-CE00-4CDF-B7DB-9E1243F3432D}
	EndProjectSection
EndProject
Project("{FAE04EC0-301F-11D3-BF4B-00C04F79EFBC}") = "GnojEd.Sql", "GnojEd.Sql\GnojEd.Sql.csproj", "{F29A51F6-CE00-4CDF-B7DB-9E1243F3432D}"
EndProject
Global
	GlobalSection(SolutionConfigurationPlatforms) = preSolution
		Debug|Any CPU = Debug|Any CPU
		Debug|Mixed Platforms = Debug|Mixed Platforms
		Debug|x86 = Debug|x86
		Release|Any CPU = Release|Any CPU
		Release|Mixed Platforms = Release|Mixed Platforms
		Release|x86 = Release|x86
	EndGlobalSection
	GlobalSection(ProjectConfigurationPlatforms) = postSolution
		{767F8D5A-9953-4B7F-A146-F5D616699FB6}.Debug|Any CPU.ActiveCfg = Debug|Any CPU
		{767F8D5A-9953-4B7F-A146-F5D616699FB6}.Debug|Any CPU.Build.0 = Debug|Any CPU
		{767F8D5A-9953-4B7F-A146-F5D616699FB6}.Debug|Mixed Platforms.ActiveCfg = Debug|Any CPU
		{767F8D5A-9953-4B7F-A146-F5D616699FB6}.Debug|Mixed Platforms.Build.0 = Debug|Any CPU
		{767F8D5A-9953-4B7F-A146-F5D616699FB6}.Debug|x86.ActiveCfg = Debug|Any CPU
		{767F8D5A-9953-4B7F-A146-F5D616699FB6}.Release|Any CPU.ActiveCfg = Release|Any CPU
		{767F8D5A-9953-4B7F-A146-F5D616699FB6}.Release|Any CPU.Build.0 = Release|Any CPU
		{767F8D5A-9953-4B7F-A146-F5D616699FB6}.Release|Mixed Platforms.ActiveCfg = Release|Any CPU
		{767F8D5A-9953-4B7F-A146-F5D616699FB6}.Release|Mixed Platforms.Build.0 = Release|Any CPU
		{767F8D5A-9953-4B7F-A146-F5D616699FB6}.Release|x86.ActiveCfg = Release|Any CPU
		{A62D37CD-CC47-416D-A457-DC07AAF60FFF}.Debug|Any CPU.ActiveCfg = Debug|Any CPU
		{A62D37CD-CC47-416D-A457-DC07AAF60FFF}.Debug|Any CPU.Build.0 = Debug|Any CPU
		{A62D37CD-CC47-416D-A457-DC07AAF60FFF}.Debug|Mixed Platforms.ActiveCfg = Debug|Any CPU
		{A62D37CD-CC47-416D-A457-DC07AAF60FFF}.Debug|Mixed Platforms.Build.0 = Debug|Any CPU
		{A62D37CD-CC47-416D-A457-DC07AAF60FFF}.Debug|x86.ActiveCfg = Debug|Any CPU
		{A62D37CD-CC47-416D-A457-DC07AAF60FFF}.Release|Any CPU.ActiveCfg = Debug|Any CPU
		{A62D37CD-CC47-416D-A457-DC07AAF60FFF}.Release|Any CPU.Build.0 = Debug|Any CPU
		{A62D37CD-CC47-416D-A457-DC07AAF60FFF}.Release|Mixed Platforms.ActiveCfg = Debug|Any CPU
		{A62D37CD-CC47-416D-A457-DC07AAF60FFF}.Release|Mixed Platforms.Build.0 = Debug|Any CPU
		{A62D37CD-CC47-416D-A457-DC07AAF60FFF}.Release|x86.ActiveCfg = Debug|Any CPU
		{F29A51F6-CE00-4CDF-B7DB-9E1243F3432D}.Debug|Any CPU.ActiveCfg = Debug|Any CPU
		{F29A51F6-CE00-4CDF-B7DB-9E1243F3432D}.Debug|Any CPU.Build.0 = Debug|Any CPU
		{F29A51F6-CE00-4CDF-B7DB-9E1243F3432D}.Debug|Mixed Platforms.ActiveCfg = Debug|x86
		{F29A51F6-CE00-4CDF-B7DB-9E1243F3432D}.Debug|Mixed Platforms.Build.0 = Debug|x86
		{F29A51F6-CE00-4CDF-B7DB-9E1243F3432D}.Debug|x86.ActiveCfg = Debug|x86
		{F29A51F6-CE00-4CDF-B7DB-9E1243F3432D}.Debug|x86.Build.0 = Debug|x86
		{F29A51F6-CE00-4CDF-B7DB-9E1243F3432D}.Release|Any CPU.ActiveCfg = Release|x86
		{F29A51F6-CE00-4CDF-B7DB-9E1243F3432D}.Release|Mixed Platforms.ActiveCfg = Release|x86
		{F29A51F6-CE00-4CDF-B7DB-9E1243F3432D}.Release|Mixed Platforms.Build.0 = Release|x86
		{F29A51F6-CE00-4CDF-B7DB-9E1243F3432D}.Release|x86.ActiveCfg = Release|x86
		{F29A51F6-CE00-4CDF-B7DB-9E1243F3432D}.Release|x86.Build.0 = Release|x86
	EndGlobalSection
	GlobalSection(SolutionProperties) = preSolution
		HideSolutionNode = FALSE
	EndGlobalSection
EndGlobal
